<?xml version="1.0" encoding="utf-8"?>
<Project ToolsVersion="4.0" xmlns="http://schemas.microsoft.com/developer/msbuild/2003">
  <ItemGroup>
    <Filter Include="Form Files">
      <UniqueIdentifier>{99349809-55BA-4b9d-BF79-8FDBB0286EB3}</UniqueIdentifier>
      <Extensions>ui</Extensions>
      <ParseFiles>false</ParseFiles>
    </Filter>
    <Filter Include="Form Files">
      <UniqueIdentifier>{99349809-55BA-4b9d-BF79-8FDBB0286EB3}</UniqueIdentifier>
      <Extensions>ui</Extensions>
      <ParseFiles>false</ParseFiles>
    </Filter>
    <Filter Include="Generated Files">
      <UniqueIdentifier>{71ED8ED8-ACB9-4CE9-BBE1-E00B30144E11}</UniqueIdentifier>
      <Extensions>cpp;c;cxx;moc;h;def;odl;idl;res;</Extensions>
    </Filter>
    <Filter Include="Generated Files">
      <UniqueIdentifier>{71ED8ED8-ACB9-4CE9-BBE1-E00B30144E11}</UniqueIdentifier>
      <Extensions>cpp;c;cxx;moc;h;def;odl;idl;res;</Extensions>
    </Filter>
    <Filter Include="SourceFiles">
      <UniqueIdentifier>{1e9d4a78-c1bb-4d7f-97dd-8573c86ddd22}</UniqueIdentifier>
      <Extensions>
      </Extensions>
    </Filter>
    <Filter Include="HeadFiles">
      <UniqueIdentifier>{f032285b-dd52-412f-9c90-58735f82f107}</UniqueIdentifier>
    </Filter>
    <Filter Include="Generated Files\Debug">
      <UniqueIdentifier>{6edce80c-8570-4fd4-beea-27c946e22b57}</UniqueIdentifier>
      <Extensions>cpp;moc</Extensions>
      <SourceControlFiles>False</SourceControlFiles>
    </Filter>
    <Filter Include="Generated Files\Release">
      <UniqueIdentifier>{fa5752ec-b605-464c-a16e-b45133f4e92e}</UniqueIdentifier>
      <Extensions>cpp;moc</Extensions>
      <SourceControlFiles>False</SourceControlFiles>
    </Filter>
  </ItemGroup>
  <ItemGroup>
    <CustomBuild Include="LogInDialog.ui">
      <Filter>Form Files</Filter>
    </CustomBuild>
    <CustomBuild Include="RegisterDialog.ui">
      <Filter>Form Files</Filter>
    </CustomBuild>
    <CustomBuild Include="Main.ui">
      <Filter>Form Files</Filter>
    </CustomBuild>
    <CustomBuild Include="MainWindow.h">
      <Filter>HeadFiles</Filter>
    </CustomBuild>
    <CustomBuild Include="GeneratedFiles\ui_RegisterDialog.h">
      <Filter>Generated Files</Filter>
    </CustomBuild>
    <CustomBuild Include="ModTextInfo.ui">
      <Filter>Form Files</Filter>
    </CustomBuild>
    <CustomBuild Include="ModTextInfo.h">
      <Filter>HeadFiles</Filter>
    </CustomBuild>
    <CustomBuild Include="PhoneBook.ui">
      <Filter>Form Files</Filter>
    </CustomBuild>
    <CustomBuild Include="PhoneBook.h">
      <Filter>HeadFiles</Filter>
    </CustomBuild>
    <CustomBuild Include="GuardEditDiag.ui">
      <Filter>Form Files</Filter>
    </CustomBuild>
    <CustomBuild Include="GuardDetailInfoDiag.ui">
      <Filter>Form Files</Filter>
    </CustomBuild>
    <CustomBuild Include="GuardCompanyEditDiag.ui">
      <Filter>Form Files</Filter>
    </CustomBuild>
    <CustomBuild Include="MapWidget.ui">
      <Filter>Form Files</Filter>
    </CustomBuild>
    <CustomBuild Include="GuardPositionDiag.ui">
      <Filter>Form Files</Filter>
    </CustomBuild>
    <CustomBuild Include="ChangePwdDiag.ui">
      <Filter>Form Files</Filter>
    </CustomBuild>
    <CustomBuild Include="ChangePwd.h">
      <Filter>HeadFiles</Filter>
    </CustomBuild>
    <CustomBuild Include="PhoneBookEdit.h">
      <Filter>HeadFiles</Filter>
    </CustomBuild>
    <CustomBuild Include="PhoneBookEditDiag.ui">
      <Filter>Form Files</Filter>
    </CustomBuild>
    <CustomBuild Include="TableWidget.ui">
      <Filter>Form Files</Filter>
    </CustomBuild>
    <CustomBuild Include="GuardPosition.h">
      <Filter>HeadFiles</Filter>
    </CustomBuild>
    <CustomBuild Include="TextWidget.h">
      <Filter>HeadFiles</Filter>
    </CustomBuild>
    <CustomBuild Include="TextWidget.ui">
      <Filter>Form Files</Filter>
    </CustomBuild>
    <CustomBuild Include="Guard.h">
      <Filter>HeadFiles</Filter>
    </CustomBuild>
    <CustomBuild Include="GuardEdit.h">
      <Filter>HeadFiles</Filter>
    </CustomBuild>
    <CustomBuild Include="GuardCompany.h">
      <Filter>HeadFiles</Filter>
    </CustomBuild>
    <CustomBuild Include="GuardPositionEdit.h">
      <Filter>HeadFiles</Filter>
    </CustomBuild>
    <CustomBuild Include="GuardDetailInfo.h">
      <Filter>HeadFiles</Filter>
    </CustomBuild>
    <CustomBuild Include="GuardCompanyEdit.h">
      <Filter>HeadFiles</Filter>
    </CustomBuild>
    <CustomBuild Include="HeadFiles\Register.h">
      <Filter>HeadFiles</Filter>
    </CustomBuild>
    <CustomBuild Include="HeadFiles\LogIn.h">
      <Filter>HeadFiles</Filter>
    </CustomBuild>
    <CustomBuild Include="PropertyEmployee.h">
      <Filter>HeadFiles</Filter>
    </CustomBuild>
    <CustomBuild Include="PropertyEdit.ui">
      <Filter>Form Files</Filter>
    </CustomBuild>
    <CustomBuild Include="PropertyEmployeeEdit.h">
      <Filter>HeadFiles</Filter>
    </CustomBuild>
    <CustomBuild Include="PropertyDetailInfo.ui">
      <Filter>Form Files</Filter>
    </CustomBuild>
    <CustomBuild Include="PropertyDetail.h">
      <Filter>HeadFiles</Filter>
    </CustomBuild>
    <CustomBuild Include="PropertyTool.h">
      <Filter>HeadFiles</Filter>
    </CustomBuild>
    <CustomBuild Include="ToolEdit.ui">
      <Filter>Form Files</Filter>
    </CustomBuild>
    <CustomBuild Include="PropertyToolEdit.h">
      <Filter>HeadFiles</Filter>
    </CustomBuild>
    <CustomBuild Include="PropertyToolDetail.ui">
      <Filter>Form Files</Filter>
    </CustomBuild>
    <CustomBuild Include="PropertyToolDetail.h">
      <Filter>HeadFiles</Filter>
    </CustomBuild>
    <CustomBuild Include="PropertyLoan.h">
      <Filter>HeadFiles</Filter>
    </CustomBuild>
    <CustomBuild Include="PropertyLoanEdit.ui">
      <Filter>Form Files</Filter>
    </CustomBuild>
    <CustomBuild Include="PropertyLoanEdit.h">
      <Filter>HeadFiles</Filter>
    </CustomBuild>
    <CustomBuild Include="SmallTable.ui">
      <Filter>Form Files</Filter>
    </CustomBuild>
    <CustomBuild Include="PropertyEmployeeSelect.h">
      <Filter>HeadFiles</Filter>
    </CustomBuild>
    <CustomBuild Include="PropertyEmployeeLoanDetail.h">
      <Filter>HeadFiles</Filter>
    </CustomBuild>
    <CustomBuild Include="Car.h">
      <Filter>HeadFiles</Filter>
    </CustomBuild>
    <CustomBuild Include="CarTable.ui">
      <Filter>Form Files</Filter>
    </CustomBuild>
    <CustomBuild Include="CarEdit.ui">
      <Filter>Form Files</Filter>
    </CustomBuild>
    <CustomBuild Include="CarEdit.h">
      <Filter>HeadFiles</Filter>
    </CustomBuild>
    <CustomBuild Include="CarInsure.ui">
      <Filter>Form Files</Filter>
    </CustomBuild>
    <CustomBuild Include="CarMaintain.ui">
      <Filter>Form Files</Filter>
    </CustomBuild>
    <CustomBuild Include="CarInsure.h">
      <Filter>HeadFiles</Filter>
    </CustomBuild>
    <CustomBuild Include="CarDetail.ui">
      <Filter>Form Files</Filter>
    </CustomBuild>
    <CustomBuild Include="CarDetail.h">
      <Filter>HeadFiles</Filter>
    </CustomBuild>
    <CustomBuild Include="CarMaintain.h">
      <Filter>HeadFiles</Filter>
    </CustomBuild>
    <CustomBuild Include="Ftp.h">
      <Filter>HeadFiles</Filter>
    </CustomBuild>
    <CustomBuild Include="ContractServiceEdit.ui">
      <Filter>Form Files</Filter>
    </CustomBuild>
    <CustomBuild Include="ContractServiceEdit.h">
      <Filter>HeadFiles</Filter>
    </CustomBuild>
    <CustomBuild Include="ContractService.h">
      <Filter>HeadFiles</Filter>
    </CustomBuild>
    <CustomBuild Include="PicView.ui">
      <Filter>Form Files</Filter>
    </CustomBuild>
    <CustomBuild Include="PicView.h">
      <Filter>HeadFiles</Filter>
    </CustomBuild>
  </ItemGroup>
  <ItemGroup>
    <ClCompile Include="SourceFile\ErrorProc.cpp">
      <Filter>SourceFiles</Filter>
    </ClCompile>
    <ClCompile Include="SourceFile\InfoCheck.cpp">
      <Filter>SourceFiles</Filter>
    </ClCompile>
    <ClCompile Include="GeneratedFiles\Release\moc_MainWindow.cpp">
      <Filter>Generated Files\Release</Filter>
    </ClCompile>
    <ClCompile Include="MainWindow.cpp">
      <Filter>SourceFiles</Filter>
    </ClCompile>
    <ClCompile Include="GeneratedFiles\Release\moc_ui_RegisterDialog.cpp">
      <Filter>Generated Files\Release</Filter>
    </ClCompile>
    <ClCompile Include="GeneratedFiles\Debug\moc_MainWindow.cpp">
      <Filter>Generated Files\Debug</Filter>
    </ClCompile>
    <ClCompile Include="GeneratedFiles\Debug\moc_ui_RegisterDialog.cpp">
      <Filter>Generated Files\Debug</Filter>
    </ClCompile>
    <ClCompile Include="ModTextInfo.cpp">
      <Filter>SourceFiles</Filter>
    </ClCompile>
    <ClCompile Include="GeneratedFiles\Debug\moc_ModTextInfo.cpp">
      <Filter>Generated Files\Debug</Filter>
    </ClCompile>
    <ClCompile Include="GeneratedFiles\Release\moc_ModTextInfo.cpp">
      <Filter>Generated Files\Release</Filter>
    </ClCompile>
    <ClCompile Include="PhoneBook.cpp">
      <Filter>SourceFiles</Filter>
    </ClCompile>
    <ClCompile Include="GeneratedFiles\Debug\moc_PhoneBook.cpp">
      <Filter>Generated Files\Debug</Filter>
    </ClCompile>
    <ClCompile Include="GeneratedFiles\Release\moc_PhoneBook.cpp">
      <Filter>Generated Files\Release</Filter>
    </ClCompile>
    <ClCompile Include="Connect2DB.cpp">
      <Filter>SourceFiles</Filter>
    </ClCompile>
    <ClCompile Include="ChangePwd.cpp">
      <Filter>SourceFiles</Filter>
    </ClCompile>
    <ClCompile Include="GeneratedFiles\Debug\moc_ChangePwd.cpp">
      <Filter>Generated Files\Debug</Filter>
    </ClCompile>
    <ClCompile Include="GeneratedFiles\Release\moc_ChangePwd.cpp">
      <Filter>Generated Files\Release</Filter>
    </ClCompile>
    <ClCompile Include="PhoneBookEdit.cpp">
      <Filter>SourceFiles</Filter>
    </ClCompile>
    <ClCompile Include="GeneratedFiles\Debug\moc_PhoneBookEdit.cpp">
      <Filter>Generated Files\Debug</Filter>
    </ClCompile>
    <ClCompile Include="GeneratedFiles\Release\moc_PhoneBookEdit.cpp">
      <Filter>Generated Files\Release</Filter>
    </ClCompile>
    <ClCompile Include="GeneratedFiles\Debug\moc_GuardPosition.cpp">
      <Filter>Generated Files\Debug</Filter>
    </ClCompile>
    <ClCompile Include="GeneratedFiles\Release\moc_GuardPosition.cpp">
      <Filter>Generated Files\Release</Filter>
    </ClCompile>
    <ClCompile Include="GuardPosition.cpp">
      <Filter>SourceFiles</Filter>
    </ClCompile>
    <ClCompile Include="GeneratedFiles\Debug\moc_TextWidget.cpp">
      <Filter>Generated Files\Debug</Filter>
    </ClCompile>
    <ClCompile Include="GeneratedFiles\Release\moc_TextWidget.cpp">
      <Filter>Generated Files\Release</Filter>
    </ClCompile>
    <ClCompile Include="TextWidget.cpp">
      <Filter>SourceFiles</Filter>
    </ClCompile>
    <ClCompile Include="GeneratedFiles\Debug\moc_Guard.cpp">
      <Filter>Generated Files\Debug</Filter>
    </ClCompile>
    <ClCompile Include="GeneratedFiles\Release\moc_Guard.cpp">
      <Filter>Generated Files\Release</Filter>
    </ClCompile>
    <ClCompile Include="Guard.cpp">
      <Filter>SourceFiles</Filter>
    </ClCompile>
    <ClCompile Include="GuardEdit.cpp">
      <Filter>SourceFiles</Filter>
    </ClCompile>
    <ClCompile Include="GeneratedFiles\Debug\moc_GuardEdit.cpp">
      <Filter>Generated Files\Debug</Filter>
    </ClCompile>
    <ClCompile Include="GeneratedFiles\Release\moc_GuardEdit.cpp">
      <Filter>Generated Files\Release</Filter>
    </ClCompile>
    <ClCompile Include="GeneratedFiles\Debug\moc_GuardCompany.cpp">
      <Filter>Generated Files\Debug</Filter>
    </ClCompile>
    <ClCompile Include="GeneratedFiles\Release\moc_GuardCompany.cpp">
      <Filter>Generated Files\Release</Filter>
    </ClCompile>
    <ClCompile Include="GuardCompany.cpp">
      <Filter>SourceFiles</Filter>
    </ClCompile>
    <ClCompile Include="GuardPositionEdit.cpp">
      <Filter>SourceFiles</Filter>
    </ClCompile>
    <ClCompile Include="GeneratedFiles\Debug\moc_GuardPositionEdit.cpp">
      <Filter>Generated Files\Debug</Filter>
    </ClCompile>
    <ClCompile Include="GeneratedFiles\Release\moc_GuardPositionEdit.cpp">
      <Filter>Generated Files\Release</Filter>
    </ClCompile>
    <ClCompile Include="GuardDetailInfo.cpp">
      <Filter>SourceFiles</Filter>
    </ClCompile>
    <ClCompile Include="GeneratedFiles\Debug\moc_GuardDetailInfo.cpp">
      <Filter>Generated Files\Debug</Filter>
    </ClCompile>
    <ClCompile Include="GeneratedFiles\Release\moc_GuardDetailInfo.cpp">
      <Filter>Generated Files\Release</Filter>
    </ClCompile>
    <ClCompile Include="GuardCompanyEdit.cpp">
      <Filter>SourceFiles</Filter>
    </ClCompile>
    <ClCompile Include="GeneratedFiles\Debug\moc_GuardCompanyEdit.cpp">
      <Filter>Generated Files\Debug</Filter>
    </ClCompile>
    <ClCompile Include="GeneratedFiles\Release\moc_GuardCompanyEdit.cpp">
      <Filter>Generated Files\Release</Filter>
    </ClCompile>
    <ClCompile Include="SourceFile\Register.cpp">
      <Filter>SourceFiles</Filter>
    </ClCompile>
    <ClCompile Include="GeneratedFiles\Debug\moc_Register.cpp">
      <Filter>Generated Files\Debug</Filter>
    </ClCompile>
    <ClCompile Include="GeneratedFiles\Release\moc_Register.cpp">
      <Filter>Generated Files\Release</Filter>
    </ClCompile>
    <ClCompile Include="GeneratedFiles\Debug\moc_LogIn.cpp">
      <Filter>Generated Files\Debug</Filter>
    </ClCompile>
    <ClCompile Include="GeneratedFiles\Release\moc_LogIn.cpp">
      <Filter>Generated Files\Release</Filter>
    </ClCompile>
    <ClCompile Include="SourceFile\LogIn.cpp">
      <Filter>SourceFiles</Filter>
    </ClCompile>
    <ClCompile Include="PropertyEmployee.cpp">
      <Filter>SourceFiles</Filter>
    </ClCompile>
    <ClCompile Include="GeneratedFiles\Debug\moc_PropertyEmployee.cpp">
      <Filter>Generated Files\Debug</Filter>
    </ClCompile>
    <ClCompile Include="GeneratedFiles\Release\moc_PropertyEmployee.cpp">
      <Filter>Generated Files\Release</Filter>
    </ClCompile>
    <ClCompile Include="PropertyEmployeeEdit.cpp">
      <Filter>SourceFiles</Filter>
    </ClCompile>
    <ClCompile Include="GeneratedFiles\Debug\moc_PropertyEmployeeEdit.cpp">
      <Filter>Generated Files\Debug</Filter>
    </ClCompile>
    <ClCompile Include="GeneratedFiles\Release\moc_PropertyEmployeeEdit.cpp">
      <Filter>Generated Files\Release</Filter>
    </ClCompile>
    <ClCompile Include="PropertyDetail.cpp">
      <Filter>SourceFiles</Filter>
    </ClCompile>
    <ClCompile Include="GeneratedFiles\Debug\moc_PropertyDetail.cpp">
      <Filter>Generated Files\Debug</Filter>
    </ClCompile>
    <ClCompile Include="GeneratedFiles\Release\moc_PropertyDetail.cpp">
      <Filter>Generated Files\Release</Filter>
    </ClCompile>
    <ClCompile Include="PropertyTool.cpp">
      <Filter>SourceFiles</Filter>
    </ClCompile>
    <ClCompile Include="GeneratedFiles\Debug\moc_PropertyTool.cpp">
      <Filter>Generated Files\Debug</Filter>
    </ClCompile>
    <ClCompile Include="GeneratedFiles\Release\moc_PropertyTool.cpp">
      <Filter>Generated Files\Release</Filter>
    </ClCompile>
    <ClCompile Include="PropertyToolEdit.cpp">
      <Filter>SourceFiles</Filter>
    </ClCompile>
    <ClCompile Include="GeneratedFiles\Debug\moc_PropertyToolEdit.cpp">
      <Filter>Generated Files\Debug</Filter>
    </ClCompile>
    <ClCompile Include="GeneratedFiles\Release\moc_PropertyToolEdit.cpp">
      <Filter>Generated Files\Release</Filter>
    </ClCompile>
    <ClCompile Include="PropertyToolDetail.cpp">
      <Filter>SourceFiles</Filter>
    </ClCompile>
    <ClCompile Include="GeneratedFiles\Debug\moc_PropertyToolDetail.cpp">
      <Filter>Generated Files\Debug</Filter>
    </ClCompile>
    <ClCompile Include="GeneratedFiles\Release\moc_PropertyToolDetail.cpp">
      <Filter>Generated Files\Release</Filter>
    </ClCompile>
    <ClCompile Include="PropertyLoan.cpp">
      <Filter>SourceFiles</Filter>
    </ClCompile>
    <ClCompile Include="GeneratedFiles\Debug\moc_PropertyLoan.cpp">
      <Filter>Generated Files\Debug</Filter>
    </ClCompile>
    <ClCompile Include="GeneratedFiles\Release\moc_PropertyLoan.cpp">
      <Filter>Generated Files\Release</Filter>
    </ClCompile>
    <ClCompile Include="PropertyLoanEdit.cpp">
      <Filter>SourceFiles</Filter>
    </ClCompile>
    <ClCompile Include="GeneratedFiles\Debug\moc_PropertyLoanEdit.cpp">
      <Filter>Generated Files\Debug</Filter>
    </ClCompile>
    <ClCompile Include="GeneratedFiles\Release\moc_PropertyLoanEdit.cpp">
      <Filter>Generated Files\Release</Filter>
    </ClCompile>
    <ClCompile Include="PropertyEmployeeSelect.cpp">
      <Filter>SourceFiles</Filter>
    </ClCompile>
    <ClCompile Include="GeneratedFiles\Debug\moc_PropertyEmployeeSelect.cpp">
      <Filter>Generated Files\Debug</Filter>
    </ClCompile>
    <ClCompile Include="PubFunc.cpp">
      <Filter>SourceFiles</Filter>
    </ClCompile>
    <ClCompile Include="PropertyEmployeeLoanDetail.cpp">
      <Filter>SourceFiles</Filter>
    </ClCompile>
    <ClCompile Include="GeneratedFiles\Debug\moc_PropertyEmployeeLoanDetail.cpp">
      <Filter>Generated Files\Debug</Filter>
    </ClCompile>
    <ClCompile Include="GeneratedFiles\Release\moc_PropertyEmployeeLoanDetail.cpp">
      <Filter>Generated Files\Release</Filter>
    </ClCompile>
    <ClCompile Include="Car.cpp">
      <Filter>SourceFiles</Filter>
    </ClCompile>
    <ClCompile Include="GeneratedFiles\Debug\moc_Car.cpp">
      <Filter>Generated Files\Debug</Filter>
    </ClCompile>
    <ClCompile Include="GeneratedFiles\Release\moc_Car.cpp">
      <Filter>Generated Files\Release</Filter>
    </ClCompile>
    <ClCompile Include="GeneratedFiles\Debug\moc_CarEdit.cpp">
      <Filter>Generated Files\Debug</Filter>
    </ClCompile>
    <ClCompile Include="GeneratedFiles\Release\moc_CarEdit.cpp">
      <Filter>Generated Files\Release</Filter>
    </ClCompile>
    <ClCompile Include="CarEdit.cpp">
      <Filter>SourceFiles</Filter>
    </ClCompile>
    <ClCompile Include="CarInsure.cpp">
      <Filter>SourceFiles</Filter>
    </ClCompile>
    <ClCompile Include="CarMaintain.cpp">
      <Filter>SourceFiles</Filter>
    </ClCompile>
    <ClCompile Include="GeneratedFiles\Debug\moc_CarInsure.cpp">
      <Filter>Generated Files\Debug</Filter>
    </ClCompile>
    <ClCompile Include="CarDetail.cpp">
      <Filter>SourceFiles</Filter>
    </ClCompile>
    <ClCompile Include="GeneratedFiles\Debug\moc_CarDetail.cpp">
      <Filter>Generated Files\Debug</Filter>
    </ClCompile>
    <ClCompile Include="GeneratedFiles\Release\moc_CarDetail.cpp">
      <Filter>Generated Files\Release</Filter>
    </ClCompile>
    <ClCompile Include="GeneratedFiles\Debug\moc_CarMaintain.cpp">
      <Filter>Generated Files\Debug</Filter>
    </ClCompile>
    <ClCompile Include="GeneratedFiles\Release\moc_CarMaintain.cpp">
      <Filter>Generated Files\Release</Filter>
    </ClCompile>
    <ClCompile Include="Ftp.cpp">
      <Filter>SourceFiles</Filter>
    </ClCompile>
    <ClCompile Include="GeneratedFiles\Debug\moc_Ftp.cpp">
      <Filter>Generated Files\Debug</Filter>
    </ClCompile>
    <ClCompile Include="GeneratedFiles\Release\moc_Ftp.cpp">
      <Filter>Generated Files\Release</Filter>
    </ClCompile>
    <ClCompile Include="ContractService.cpp">
      <Filter>SourceFiles</Filter>
    </ClCompile>
    <ClCompile Include="ContractServiceEdit.cpp">
      <Filter>SourceFiles</Filter>
    </ClCompile>
    <ClCompile Include="GeneratedFiles\Debug\moc_ContractServiceEdit.cpp">
      <Filter>Generated Files\Debug</Filter>
    </ClCompile>
    <ClCompile Include="GeneratedFiles\Release\moc_ContractServiceEdit.cpp">
      <Filter>Generated Files\Release</Filter>
    </ClCompile>
    <ClCompile Include="GeneratedFiles\Debug\moc_ContractService.cpp">
      <Filter>Generated Files\Debug</Filter>
    </ClCompile>
    <ClCompile Include="GeneratedFiles\Debug\moc_PicView.cpp">
      <Filter>Generated Files\Debug</Filter>
    </ClCompile>
    <ClCompile Include="GeneratedFiles\Release\moc_PicView.cpp">
      <Filter>Generated Files\Release</Filter>
    </ClCompile>
    <ClCompile Include="PicView.cpp">
      <Filter>SourceFiles</Filter>
    </ClCompile>
  </ItemGroup>
  <ItemGroup>
    <ClInclude Include="HeadFiles\Connect2DB.h">
      <Filter>HeadFiles</Filter>
    </ClInclude>
    <ClInclude Include="HeadFiles\ErrorProc.h">
      <Filter>HeadFiles</Filter>
    </ClInclude>
    <ClInclude Include="GeneratedFiles\ui_LogInDialog.h">
      <Filter>Generated Files</Filter>
    </ClInclude>
    <ClInclude Include="HeadFiles\InfoCheck.h">
      <Filter>HeadFiles</Filter>
    </ClInclude>
    <ClInclude Include="GeneratedFiles\ui_ModTextInfo.h">
      <Filter>Generated Files</Filter>
    </ClInclude>
    <ClInclude Include="GeneratedFiles\ui_PhoneBook.h">
      <Filter>Generated Files</Filter>
    </ClInclude>
    <ClInclude Include="GlobalVar.h">
      <Filter>HeadFiles</Filter>
    </ClInclude>
    <ClInclude Include="GeneratedFiles\ui_GuardEditDiag.h">
      <Filter>Generated Files</Filter>
    </ClInclude>
    <ClInclude Include="GeneratedFiles\ui_GuardDetailInfoDiag.h">
      <Filter>Generated Files</Filter>
    </ClInclude>
    <ClInclude Include="GeneratedFiles\ui_GuardCompanyEditDiag.h">
      <Filter>Generated Files</Filter>
    </ClInclude>
    <ClInclude Include="GeneratedFiles\ui_MapWidget.h">
      <Filter>Generated Files</Filter>
    </ClInclude>
    <ClInclude Include="GeneratedFiles\ui_GuardPositionDiag.h">
      <Filter>Generated Files</Filter>
    </ClInclude>
    <ClInclude Include="GeneratedFiles\ui_ChangePwdDiag.h">
      <Filter>Generated Files</Filter>
    </ClInclude>
    <ClInclude Include="GeneratedFiles\ui_PhoneBookEditDiag.h">
      <Filter>Generated Files</Filter>
    </ClInclude>
    <ClInclude Include="GeneratedFiles\ui_TableWidget.h">
      <Filter>Generated Files</Filter>
    </ClInclude>
    <ClInclude Include="GeneratedFiles\ui_TextWidget.h">
      <Filter>Generated Files</Filter>
    </ClInclude>
    <ClInclude Include="GeneratedFiles\ui_PropertyEdit.h">
      <Filter>Generated Files</Filter>
    </ClInclude>
    <ClInclude Include="GeneratedFiles\ui_PropertyDetailInfo.h">
      <Filter>Generated Files</Filter>
    </ClInclude>
    <ClInclude Include="GeneratedFiles\ui_ToolEdit.h">
      <Filter>Generated Files</Filter>
    </ClInclude>
    <ClInclude Include="GeneratedFiles\ui_PropertyToolDetail.h">
      <Filter>Generated Files</Filter>
    </ClInclude>
    <ClInclude Include="GeneratedFiles\ui_PropertyLoanEdit.h">
      <Filter>Generated Files</Filter>
    </ClInclude>
    <ClInclude Include="GeneratedFiles\ui_SmallTable.h">
      <Filter>Generated Files</Filter>
    </ClInclude>
    <ClInclude Include="PubFunc.h">
      <Filter>HeadFiles</Filter>
    </ClInclude>
    <ClInclude Include="GeneratedFiles\ui_CarTable.h">
      <Filter>Generated Files</Filter>
    </ClInclude>
    <ClInclude Include="GeneratedFiles\ui_CarEdit.h">
      <Filter>Generated Files</Filter>
    </ClInclude>
    <ClInclude Include="GeneratedFiles\ui_CarInsure.h">
      <Filter>Generated Files</Filter>
    </ClInclude>
    <ClInclude Include="GeneratedFiles\ui_CarMaintain.h">
      <Filter>Generated Files</Filter>
    </ClInclude>
    <ClInclude Include="GeneratedFiles\ui_CarDetail.h">
      <Filter>Generated Files</Filter>
    </ClInclude>
    <ClInclude Include="GeneratedFiles\ui_ContractServiceEdit.h">
      <Filter>Generated Files</Filter>
    </ClInclude>
    <ClInclude Include="GeneratedFiles\ui_PicView.h">
      <Filter>Generated Files</Filter>
    </ClInclude>
  </ItemGroup>
</Project>