<?xml version="1.0" encoding="utf-8"?>
<Project ToolsVersion="4.0" xmlns="http://schemas.microsoft.com/developer/msbuild/2003">
  <ItemGroup>
    <Filter Include="Form Files">
      <UniqueIdentifier>{99349809-55BA-4b9d-BF79-8FDBB0286EB3}</UniqueIdentifier>
      <Extensions>ui</Extensions>
      <ParseFiles>false</ParseFiles>
    </Filter>
    <Filter Include="Form Files">
      <UniqueIdentifier>{99349809-55BA-4b9d-BF79-8FDBB0286EB3}</UniqueIdentifier>
      <Extensions>ui</Extensions>
      <ParseFiles>false</ParseFiles>
    </Filter>
    <Filter Include="Generated Files">
      <UniqueIdentifier>{71ED8ED8-ACB9-4CE9-BBE1-E00B30144E11}</UniqueIdentifier>
      <Extensions>cpp;c;cxx;moc;h;def;odl;idl;res;</Extensions>
    </Filter>
    <Filter Include="Generated Files">
      <UniqueIdentifier>{71ED8ED8-ACB9-4CE9-BBE1-E00B30144E11}</UniqueIdentifier>
      <Extensions>cpp;c;cxx;moc;h;def;odl;idl;res;</Extensions>
    </Filter>
    <Filter Include="SourceFiles">
      <UniqueIdentifier>{1e9d4a78-c1bb-4d7f-97dd-8573c86ddd22}</UniqueIdentifier>
    </Filter>
    <Filter Include="HeadFiles">
      <UniqueIdentifier>{f032285b-dd52-412f-9c90-58735f82f107}</UniqueIdentifier>
    </Filter>
    <Filter Include="Generated Files\Debug">
      <UniqueIdentifier>{6edce80c-8570-4fd4-beea-27c946e22b57}</UniqueIdentifier>
      <Extensions>cpp;moc</Extensions>
      <SourceControlFiles>False</SourceControlFiles>
    </Filter>
    <Filter Include="Generated Files\Release">
      <UniqueIdentifier>{fa5752ec-b605-464c-a16e-b45133f4e92e}</UniqueIdentifier>
      <Extensions>cpp;moc</Extensions>
      <SourceControlFiles>False</SourceControlFiles>
    </Filter>
  </ItemGroup>
  <ItemGroup>
    <CustomBuild Include="LogInDialog.ui">
      <Filter>Form Files</Filter>
    </CustomBuild>
    <CustomBuild Include="HeadFiles\LogInDialog.h">
      <Filter>HeadFiles</Filter>
    </CustomBuild>
    <CustomBuild Include="RegisterDialog.ui">
      <Filter>Form Files</Filter>
    </CustomBuild>
    <CustomBuild Include="HeadFiles\RegisterDialog.h">
      <Filter>HeadFiles</Filter>
    </CustomBuild>
    <CustomBuild Include="Main.ui">
      <Filter>Form Files</Filter>
    </CustomBuild>
    <CustomBuild Include="MainWindow.h">
      <Filter>HeadFiles</Filter>
    </CustomBuild>
    <CustomBuild Include="CompanyWidget.ui">
      <Filter>Form Files</Filter>
    </CustomBuild>
    <CustomBuild Include="CompanyWidget.h">
      <Filter>HeadFiles</Filter>
    </CustomBuild>
    <CustomBuild Include="GeneratedFiles\ui_RegisterDialog.h">
      <Filter>Generated Files</Filter>
    </CustomBuild>
    <CustomBuild Include="ModTextInfo.ui">
      <Filter>Form Files</Filter>
    </CustomBuild>
    <CustomBuild Include="ModTextInfo.h">
      <Filter>HeadFiles</Filter>
    </CustomBuild>
    <CustomBuild Include="PhoneBook.ui">
      <Filter>Form Files</Filter>
    </CustomBuild>
    <CustomBuild Include="PhoneBook.h">
      <Filter>HeadFiles</Filter>
    </CustomBuild>
    <CustomBuild Include="AddPhoneBookDiag.ui">
      <Filter>Form Files</Filter>
    </CustomBuild>
    <CustomBuild Include="AddPhoneBook.h">
      <Filter>HeadFiles</Filter>
    </CustomBuild>
    <CustomBuild Include="GuardWidget.ui">
      <Filter>Form Files</Filter>
    </CustomBuild>
    <CustomBuild Include="GuardWidget.h">
      <Filter>HeadFiles</Filter>
    </CustomBuild>
    <CustomBuild Include="GuardEditDiag.ui">
      <Filter>Form Files</Filter>
    </CustomBuild>
    <CustomBuild Include="GuardEditDiag.h">
      <Filter>HeadFiles</Filter>
    </CustomBuild>
    <CustomBuild Include="GuardDetailInfoDiag.ui">
      <Filter>Form Files</Filter>
    </CustomBuild>
    <CustomBuild Include="GuardDetailInfoDiag.h">
      <Filter>HeadFiles</Filter>
    </CustomBuild>
    <CustomBuild Include="GuardCompanyWidget.h">
      <Filter>HeadFiles</Filter>
    </CustomBuild>
    <CustomBuild Include="GuardCompanyEditDiag.ui">
      <Filter>Form Files</Filter>
    </CustomBuild>
    <CustomBuild Include="GuardCompanyEditDiag.h">
      <Filter>HeadFiles</Filter>
    </CustomBuild>
    <CustomBuild Include="MapWidget.ui">
      <Filter>Form Files</Filter>
    </CustomBuild>
    <CustomBuild Include="MapWidget.h">
      <Filter>HeadFiles</Filter>
    </CustomBuild>
    <CustomBuild Include="GuardPositionDiag.ui">
      <Filter>Form Files</Filter>
    </CustomBuild>
    <CustomBuild Include="GuardPositionEditDiag.h">
      <Filter>HeadFiles</Filter>
    </CustomBuild>
    <CustomBuild Include="ChangePwdDiag.ui">
      <Filter>Form Files</Filter>
    </CustomBuild>
    <CustomBuild Include="ChangePwd.h">
      <Filter>HeadFiles</Filter>
    </CustomBuild>
  </ItemGroup>
  <ItemGroup>
    <ClCompile Include="SourceFile\LogInDialog.cpp">
      <Filter>SourceFiles</Filter>
    </ClCompile>
    <ClCompile Include="SourceFile\ErrorProc.cpp">
      <Filter>SourceFiles</Filter>
    </ClCompile>
    <ClCompile Include="GeneratedFiles\Release\moc_LogInDialog.cpp">
      <Filter>Generated Files\Release</Filter>
    </ClCompile>
    <ClCompile Include="SourceFile\RegisterDialog.cpp">
      <Filter>SourceFiles</Filter>
    </ClCompile>
    <ClCompile Include="GeneratedFiles\Release\moc_RegisterDialog.cpp">
      <Filter>Generated Files\Release</Filter>
    </ClCompile>
    <ClCompile Include="SourceFile\InfoCheck.cpp">
      <Filter>SourceFiles</Filter>
    </ClCompile>
    <ClCompile Include="GeneratedFiles\Release\moc_MainWindow.cpp">
      <Filter>Generated Files\Release</Filter>
    </ClCompile>
    <ClCompile Include="MainWindow.cpp">
      <Filter>SourceFiles</Filter>
    </ClCompile>
    <ClCompile Include="CompanyWidget.cpp">
      <Filter>SourceFiles</Filter>
    </ClCompile>
    <ClCompile Include="GeneratedFiles\Release\moc_CompanyWidget.cpp">
      <Filter>Generated Files\Release</Filter>
    </ClCompile>
    <ClCompile Include="GeneratedFiles\Release\moc_ui_RegisterDialog.cpp">
      <Filter>Generated Files\Release</Filter>
    </ClCompile>
    <ClCompile Include="GeneratedFiles\Debug\moc_LogInDialog.cpp">
      <Filter>Generated Files\Debug</Filter>
    </ClCompile>
    <ClCompile Include="GeneratedFiles\Debug\moc_MainWindow.cpp">
      <Filter>Generated Files\Debug</Filter>
    </ClCompile>
    <ClCompile Include="GeneratedFiles\Debug\moc_RegisterDialog.cpp">
      <Filter>Generated Files\Debug</Filter>
    </ClCompile>
    <ClCompile Include="GeneratedFiles\Debug\moc_ui_RegisterDialog.cpp">
      <Filter>Generated Files\Debug</Filter>
    </ClCompile>
    <ClCompile Include="GeneratedFiles\Debug\moc_CompanyWidget.cpp">
      <Filter>Generated Files\Debug</Filter>
    </ClCompile>
    <ClCompile Include="ModTextInfo.cpp">
      <Filter>SourceFiles</Filter>
    </ClCompile>
    <ClCompile Include="GeneratedFiles\Debug\moc_ModTextInfo.cpp">
      <Filter>Generated Files\Debug</Filter>
    </ClCompile>
    <ClCompile Include="GeneratedFiles\Release\moc_ModTextInfo.cpp">
      <Filter>Generated Files\Release</Filter>
    </ClCompile>
    <ClCompile Include="PhoneBook.cpp">
      <Filter>SourceFiles</Filter>
    </ClCompile>
    <ClCompile Include="GeneratedFiles\Debug\moc_PhoneBook.cpp">
      <Filter>Generated Files\Debug</Filter>
    </ClCompile>
    <ClCompile Include="GeneratedFiles\Release\moc_PhoneBook.cpp">
      <Filter>Generated Files\Release</Filter>
    </ClCompile>
    <ClCompile Include="AddPhoneBook.cpp">
      <Filter>SourceFiles</Filter>
    </ClCompile>
    <ClCompile Include="GeneratedFiles\Debug\moc_AddPhoneBook.cpp">
      <Filter>Generated Files\Debug</Filter>
    </ClCompile>
    <ClCompile Include="GeneratedFiles\Release\moc_AddPhoneBook.cpp">
      <Filter>Generated Files\Release</Filter>
    </ClCompile>
    <ClCompile Include="GuardWidget.cpp">
      <Filter>SourceFiles</Filter>
    </ClCompile>
    <ClCompile Include="GeneratedFiles\Debug\moc_GuardWidget.cpp">
      <Filter>Generated Files\Debug</Filter>
    </ClCompile>
    <ClCompile Include="GeneratedFiles\Release\moc_GuardWidget.cpp">
      <Filter>Generated Files\Release</Filter>
    </ClCompile>
    <ClCompile Include="GuardEditDiag.cpp">
      <Filter>SourceFiles</Filter>
    </ClCompile>
    <ClCompile Include="GeneratedFiles\Debug\moc_GuardEditDiag.cpp">
      <Filter>Generated Files\Debug</Filter>
    </ClCompile>
    <ClCompile Include="GeneratedFiles\Release\moc_GuardEditDiag.cpp">
      <Filter>Generated Files\Release</Filter>
    </ClCompile>
    <ClCompile Include="GuardDetailInfoDiag.cpp">
      <Filter>SourceFiles</Filter>
    </ClCompile>
    <ClCompile Include="GeneratedFiles\Debug\moc_GuardDetailInfoDiag.cpp">
      <Filter>Generated Files\Debug</Filter>
    </ClCompile>
    <ClCompile Include="GeneratedFiles\Release\moc_GuardDetailInfoDiag.cpp">
      <Filter>Generated Files\Release</Filter>
    </ClCompile>
    <ClCompile Include="GuardCompanyWidget.cpp">
      <Filter>SourceFiles</Filter>
    </ClCompile>
    <ClCompile Include="GeneratedFiles\Debug\moc_GuardCompanyWidget.cpp">
      <Filter>Generated Files\Debug</Filter>
    </ClCompile>
    <ClCompile Include="GeneratedFiles\Release\moc_GuardCompanyWidget.cpp">
      <Filter>Generated Files\Release</Filter>
    </ClCompile>
    <ClCompile Include="GuardCompanyEditDiag.cpp">
      <Filter>SourceFiles</Filter>
    </ClCompile>
    <ClCompile Include="GeneratedFiles\Debug\moc_GuardCompanyEditDiag.cpp">
      <Filter>Generated Files\Debug</Filter>
    </ClCompile>
    <ClCompile Include="GeneratedFiles\Release\moc_GuardCompanyEditDiag.cpp">
      <Filter>Generated Files\Release</Filter>
    </ClCompile>
    <ClCompile Include="MapWidget.cpp">
      <Filter>SourceFiles</Filter>
    </ClCompile>
    <ClCompile Include="Connect2DB.cpp">
      <Filter>SourceFiles</Filter>
    </ClCompile>
    <ClCompile Include="GeneratedFiles\Debug\moc_MapWidget.cpp">
      <Filter>Generated Files\Debug</Filter>
    </ClCompile>
    <ClCompile Include="GeneratedFiles\Release\moc_MapWidget.cpp">
      <Filter>Generated Files\Release</Filter>
    </ClCompile>
    <ClCompile Include="GuardPositionEditDiag.cpp">
      <Filter>SourceFiles</Filter>
    </ClCompile>
    <ClCompile Include="GeneratedFiles\Debug\moc_GuardPositionEditDiag.cpp">
      <Filter>Generated Files\Debug</Filter>
    </ClCompile>
    <ClCompile Include="GeneratedFiles\Release\moc_GuardPositionEditDiag.cpp">
      <Filter>Generated Files\Release</Filter>
    </ClCompile>
    <ClCompile Include="ChangePwd.cpp">
      <Filter>SourceFiles</Filter>
    </ClCompile>
    <ClCompile Include="GeneratedFiles\Debug\moc_ChangePwd.cpp">
      <Filter>Generated Files\Debug</Filter>
    </ClCompile>
    <ClCompile Include="GeneratedFiles\Release\moc_ChangePwd.cpp">
      <Filter>Generated Files\Release</Filter>
    </ClCompile>
  </ItemGroup>
  <ItemGroup>
    <ClInclude Include="HeadFiles\Connect2DB.h">
      <Filter>HeadFiles</Filter>
    </ClInclude>
    <ClInclude Include="HeadFiles\ErrorProc.h">
      <Filter>HeadFiles</Filter>
    </ClInclude>
    <ClInclude Include="GeneratedFiles\ui_LogInDialog.h">
      <Filter>Generated Files</Filter>
    </ClInclude>
    <ClInclude Include="HeadFiles\InfoCheck.h">
      <Filter>HeadFiles</Filter>
    </ClInclude>
    <ClInclude Include="GeneratedFiles\ui_ModTextInfo.h">
      <Filter>Generated Files</Filter>
    </ClInclude>
    <ClInclude Include="GeneratedFiles\ui_PhoneBook.h">
      <Filter>Generated Files</Filter>
    </ClInclude>
    <ClInclude Include="GlobalVar.h">
      <Filter>HeadFiles</Filter>
    </ClInclude>
    <ClInclude Include="GeneratedFiles\ui_AddPhoneBookDiag.h">
      <Filter>Generated Files</Filter>
    </ClInclude>
    <ClInclude Include="GeneratedFiles\ui_GuardWidget.h">
      <Filter>Generated Files</Filter>
    </ClInclude>
    <ClInclude Include="GeneratedFiles\ui_GuardEditDiag.h">
      <Filter>Generated Files</Filter>
    </ClInclude>
    <ClInclude Include="GeneratedFiles\ui_GuardDetailInfoDiag.h">
      <Filter>Generated Files</Filter>
    </ClInclude>
    <ClInclude Include="GeneratedFiles\ui_GuardCompanyEditDiag.h">
      <Filter>Generated Files</Filter>
    </ClInclude>
    <ClInclude Include="GeneratedFiles\ui_MapWidget.h">
      <Filter>Generated Files</Filter>
    </ClInclude>
    <ClInclude Include="GeneratedFiles\ui_GuardPositionDiag.h">
      <Filter>Generated Files</Filter>
    </ClInclude>
    <ClInclude Include="GeneratedFiles\ui_ChangePwdDiag.h">
      <Filter>Generated Files</Filter>
    </ClInclude>
  </ItemGroup>
</Project>